{
  "name": "@coveo/vue-cli-plugin-typescript",
  "version": "1.1.0",
  "lockfileVersion": 1,
  "requires": true,
  "dependencies": {
    "@coveo/bueno": {
      "version": "0.8.0",
      "resolved": "https://registry.npmjs.org/@coveo/bueno/-/bueno-0.8.0.tgz",
      "integrity": "sha512-fT2QvTDVx5sGDmAJ3YwBSU8gYYZNzt7OMD5j5CKaKPPv0f3nesXbjE6ggzJHB7g6SEa68htpQ4y5o3BPbGLRlA==",
      "dev": true
    },
    "@coveo/headless": {
      "version": "0.8.0",
      "resolved": "https://registry.npmjs.org/@coveo/headless/-/headless-0.8.0.tgz",
      "integrity": "sha512-nR3oO84NCOuLWJMshnRBolUhTveNdvjIBR6gv57nz14stuaOBeTG/PygtYKJG/7GVbn7KkWxU9LEmMmToe1ezw==",
      "dev": true,
      "requires": {
        "@coveo/bueno": "^0.8.0",
        "@reduxjs/toolkit": "^1.5.0",
        "@types/pino": "^6.3.4",
        "@types/redux-mock-store": "^1.0.2",
        "coveo.analytics": "^2.18.7",
        "cross-fetch": "^3.0.6",
        "dayjs": "^1.9.6",
        "exponential-backoff": "^3.1.0",
        "node-abort-controller": "^1.1.0",
        "pino": "^6.7.0",
        "redux": "^4.0.5",
        "redux-mock-store": "^1.5.4",
        "redux-thunk": "^2.3.0",
        "ts-debounce": "^2.0.1"
      }
    },
    "@react-native-async-storage/async-storage": {
      "version": "1.15.2",
      "resolved": "https://registry.npmjs.org/@react-native-async-storage/async-storage/-/async-storage-1.15.2.tgz",
      "integrity": "sha512-E1SajKtyeLwi6JVfMZQx+I01z3ZvA0/O2e09EVFzU75YK0696S5N2CqeKlxAZQFVSvzh+Jfq0q412Kdkuh+l6A==",
      "dev": true,
      "requires": {
        "deep-assign": "^3.0.0"
      }
    },
    "@reduxjs/toolkit": {
      "version": "1.5.1",
      "resolved": "https://registry.npmjs.org/@reduxjs/toolkit/-/toolkit-1.5.1.tgz",
      "integrity": "sha512-PngZKuwVZsd+mimnmhiOQzoD0FiMjqVks6ituO1//Ft5UEX5Ca9of13NEjo//pU22Jk7z/mdXVsmDfgsig1osA==",
      "dev": true,
      "requires": {
        "immer": "^8.0.1",
        "redux": "^4.0.0",
        "redux-thunk": "^2.3.0",
        "reselect": "^4.0.0"
      }
    },
    "@types/node": {
      "version": "14.14.37",
      "resolved": "https://registry.npmjs.org/@types/node/-/node-14.14.37.tgz",
      "integrity": "sha512-XYmBiy+ohOR4Lh5jE379fV2IU+6Jn4g5qASinhitfyO71b/sCo6MKsMLF5tc7Zf2CE8hViVQyYSobJNke8OvUw==",
      "dev": true
    },
    "@types/pino": {
      "version": "6.3.7",
      "resolved": "https://registry.npmjs.org/@types/pino/-/pino-6.3.7.tgz",
      "integrity": "sha512-v7FdDXVEL0Zx1zcCf0cJZMojChnF+O0ujDKV1UdocsLuUhENjdtNIaanCZK1zRELp35x//bI2/IHtYUK0vmRvw==",
      "dev": true,
      "requires": {
        "@types/node": "*",
        "@types/pino-pretty": "*",
        "@types/pino-std-serializers": "*",
        "@types/sonic-boom": "*"
      }
    },
    "@types/pino-pretty": {
      "version": "4.7.0",
      "resolved": "https://registry.npmjs.org/@types/pino-pretty/-/pino-pretty-4.7.0.tgz",
      "integrity": "sha512-fIZ+VXf9gJoJR4tiiM7G+j/bZkPoZEfFGzA4d8tAWCTpTVyvVaBwnmdLs3wEXYpMjw8eXulrOzNCjmGHT3FgHw==",
      "dev": true,
      "requires": {
        "@types/pino": "*"
      }
    },
    "@types/pino-std-serializers": {
      "version": "2.4.1",
      "resolved": "https://registry.npmjs.org/@types/pino-std-serializers/-/pino-std-serializers-2.4.1.tgz",
      "integrity": "sha512-17XcksO47M24IVTVKPeAByWUd3Oez7EbIjXpSbzMPhXVzgjGtrOa49gKBwxH9hb8dKv58OelsWQ+A1G1l9S3wQ==",
      "dev": true,
      "requires": {
        "@types/node": "*"
      }
    },
    "@types/redux-mock-store": {
      "version": "1.0.2",
      "resolved": "https://registry.npmjs.org/@types/redux-mock-store/-/redux-mock-store-1.0.2.tgz",
      "integrity": "sha512-6LBtAQBN34i7SI5X+Qs4zpTEZO1tTDZ6sZ9fzFjYwTl3nLQXaBtwYdoV44CzNnyKu438xJ1lSIYyw0YMvunESw==",
      "dev": true,
      "requires": {
        "redux": "^4.0.5"
      }
    },
    "@types/sonic-boom": {
      "version": "0.7.0",
      "resolved": "https://registry.npmjs.org/@types/sonic-boom/-/sonic-boom-0.7.0.tgz",
      "integrity": "sha512-AfqR0fZMoUXUNwusgXKxcE9DPlHNDHQp6nKYUd4PSRpLobF5CCevSpyTEBcVZreqaWKCnGBr9KI1fHMTttoB7A==",
      "dev": true,
      "requires": {
        "@types/node": "*"
      }
    },
    "atomic-sleep": {
      "version": "1.0.0",
      "resolved": "https://registry.npmjs.org/atomic-sleep/-/atomic-sleep-1.0.0.tgz",
      "integrity": "sha512-kNOjDqAh7px0XWNI+4QbzoiR/nTkHAWNud2uvnJquD1/x5a7EQZMJT0AczqK0Qn67oY/TTQ1LbUKajZpp3I9tQ==",
      "dev": true
    },
    "buefy": {
      "version": "0.9.6",
      "resolved": "https://registry.npmjs.org/buefy/-/buefy-0.9.6.tgz",
      "integrity": "sha512-qoYtbTf78xvC5fcRsuUKqUizJCAk2rg6LiAzON8X1G0GTsHkCWRWBHsJmU/jk1/6B+TQ10pSGkQgB+OLrREeXg==",
      "dev": true,
      "requires": {
        "bulma": "0.9.2"
      }
    },
    "bulma": {
      "version": "0.9.2",
      "resolved": "https://registry.npmjs.org/bulma/-/bulma-0.9.2.tgz",
      "integrity": "sha512-e14EF+3VSZ488yL/lJH0tR8mFWiEQVCMi/BQUMi2TGMBOk+zrDg4wryuwm/+dRSHJw0gMawp2tsW7X1JYUCE3A==",
      "dev": true
    },
    "coveo.analytics": {
      "version": "2.18.18",
      "resolved": "https://registry.npmjs.org/coveo.analytics/-/coveo.analytics-2.18.18.tgz",
      "integrity": "sha512-ORqAFoG6qBPs5BbxAb1Hbw1SYs0oxZCuwJ853fAm0MB7BZ6AAbb6ArIY74b+n7bfVCrEARuGRvod5yajqGWRYA==",
      "dev": true,
      "requires": {
        "@react-native-async-storage/async-storage": "^1.13.3"
      }
    },
    "cross-fetch": {
      "version": "3.1.4",
      "resolved": "https://registry.npmjs.org/cross-fetch/-/cross-fetch-3.1.4.tgz",
      "integrity": "sha512-1eAtFWdIubi6T4XPy6ei9iUFoKpUkIF971QLN8lIvvvwueI65+Nw5haMNKUwfJxabqlIIDODJKGrQ66gxC0PbQ==",
      "dev": true,
      "requires": {
        "node-fetch": "2.6.1"
      }
    },
    "dayjs": {
      "version": "1.10.4",
      "resolved": "https://registry.npmjs.org/dayjs/-/dayjs-1.10.4.tgz",
      "integrity": "sha512-RI/Hh4kqRc1UKLOAf/T5zdMMX5DQIlDxwUe3wSyMMnEbGunnpENCdbUgM+dW7kXidZqCttBrmw7BhN4TMddkCw==",
      "dev": true
    },
    "deep-assign": {
      "version": "3.0.0",
      "resolved": "https://registry.npmjs.org/deep-assign/-/deep-assign-3.0.0.tgz",
      "integrity": "sha512-YX2i9XjJ7h5q/aQ/IM9PEwEnDqETAIYbggmdDB3HLTlSgo1CxPsj6pvhPG68rq6SVE0+p+6Ywsm5fTYNrYtBWw==",
      "dev": true,
      "requires": {
        "is-obj": "^1.0.0"
      }
    },
    "exponential-backoff": {
      "version": "3.1.0",
      "resolved": "https://registry.npmjs.org/exponential-backoff/-/exponential-backoff-3.1.0.tgz",
      "integrity": "sha512-oBuz5SYz5zzyuHINoe9ooePwSu0xApKWgeNzok4hZ5YKXFh9zrQBEM15CXqoZkJJPuI2ArvqjPQd8UKJA753XA==",
      "dev": true
    },
    "fast-redact": {
      "version": "3.0.0",
      "resolved": "https://registry.npmjs.org/fast-redact/-/fast-redact-3.0.0.tgz",
      "integrity": "sha512-a/S/Hp6aoIjx7EmugtzLqXmcNsyFszqbt6qQ99BdG61QjBZF6shNis0BYR6TsZOQ1twYc0FN2Xdhwwbv6+KD0w==",
      "dev": true
    },
    "fast-safe-stringify": {
      "version": "2.0.7",
      "resolved": "https://registry.npmjs.org/fast-safe-stringify/-/fast-safe-stringify-2.0.7.tgz",
      "integrity": "sha512-Utm6CdzT+6xsDk2m8S6uL8VHxNwI6Jub+e9NYTcAms28T84pTa25GJQV9j0CY0N1rM8hK4x6grpF2BQf+2qwVA==",
      "dev": true
    },
    "flatstr": {
      "version": "1.0.12",
      "resolved": "https://registry.npmjs.org/flatstr/-/flatstr-1.0.12.tgz",
      "integrity": "sha512-4zPxDyhCyiN2wIAtSLI6gc82/EjqZc1onI4Mz/l0pWrAlsSfYH/2ZIcU+e3oA2wDwbzIWNKwa23F8rh6+DRWkw==",
      "dev": true
    },
    "immer": {
      "version": "8.0.4",
      "resolved": "https://registry.npmjs.org/immer/-/immer-8.0.4.tgz",
      "integrity": "sha512-jMfL18P+/6P6epANRvRk6q8t+3gGhqsJ9EuJ25AXE+9bNTYtssvzeYbEd0mXRYWCmmXSIbnlpz6vd6iJlmGGGQ==",
      "dev": true
    },
    "is-obj": {
      "version": "1.0.1",
      "resolved": "https://registry.npmjs.org/is-obj/-/is-obj-1.0.1.tgz",
      "integrity": "sha1-PkcprB9f3gJc19g6iW2rn09n2w8=",
      "dev": true
    },
    "js-tokens": {
      "version": "4.0.0",
      "resolved": "https://registry.npmjs.org/js-tokens/-/js-tokens-4.0.0.tgz",
      "integrity": "sha512-RdJUflcE3cUzKiMqQgsCu06FPu9UdIJO0beYbPhHN4k6apgJtifcoCtT9bcxOpYBtpD2kCM6Sbzg4CausW/PKQ==",
      "dev": true
    },
    "lodash.isplainobject": {
      "version": "4.0.6",
      "resolved": "https://registry.npmjs.org/lodash.isplainobject/-/lodash.isplainobject-4.0.6.tgz",
      "integrity": "sha1-fFJqUtibRcRcxpC4gWO+BJf1UMs=",
      "dev": true
    },
    "loose-envify": {
      "version": "1.4.0",
      "resolved": "https://registry.npmjs.org/loose-envify/-/loose-envify-1.4.0.tgz",
      "integrity": "sha512-lyuxPGr/Wfhrlem2CL/UcnUc1zcqKAImBDzukY7Y5F/yQiNdko6+fRLevlw1HgMySw7f611UIY408EtxRSoK3Q==",
      "dev": true,
      "requires": {
        "js-tokens": "^3.0.0 || ^4.0.0"
      }
    },
    "node-abort-controller": {
      "version": "1.2.1",
      "resolved": "https://registry.npmjs.org/node-abort-controller/-/node-abort-controller-1.2.1.tgz",
      "integrity": "sha512-79PYeJuj6S9+yOHirR0JBLFOgjB6sQCir10uN6xRx25iD+ZD4ULqgRn3MwWBRaQGB0vEgReJzWwJo42T1R6YbQ==",
      "dev": true
    },
    "node-fetch": {
      "version": "2.6.1",
      "resolved": "https://registry.npmjs.org/node-fetch/-/node-fetch-2.6.1.tgz",
      "integrity": "sha512-V4aYg89jEoVRxRb2fJdAg8FHvI7cEyYdVAh94HH0UIK8oJxUfkjlDQN9RbMx+bEjP7+ggMiFRprSti032Oipxw==",
      "dev": true
    },
    "pino": {
      "version": "6.11.2",
      "resolved": "https://registry.npmjs.org/pino/-/pino-6.11.2.tgz",
      "integrity": "sha512-bmzxwbrIPxQUlAuMkF4PWVErUGERU4z37HazlhflKFg08crsNE3fACGN6gPwg5xtKOK47Ux5cZm8YCuLV4wWJg==",
      "dev": true,
      "requires": {
        "fast-redact": "^3.0.0",
        "fast-safe-stringify": "^2.0.7",
        "flatstr": "^1.0.12",
        "pino-std-serializers": "^3.1.0",
        "quick-format-unescaped": "4.0.1",
        "sonic-boom": "^1.0.2"
      }
    },
    "pino-std-serializers": {
      "version": "3.2.0",
      "resolved": "https://registry.npmjs.org/pino-std-serializers/-/pino-std-serializers-3.2.0.tgz",
      "integrity": "sha512-EqX4pwDPrt3MuOAAUBMU0Tk5kR/YcCM5fNPEzgCO2zJ5HfX0vbiH9HbJglnyeQsN96Kznae6MWD47pZB5avTrg==",
      "dev": true
    },
    "quick-format-unescaped": {
      "version": "4.0.1",
      "resolved": "https://registry.npmjs.org/quick-format-unescaped/-/quick-format-unescaped-4.0.1.tgz",
      "integrity": "sha512-RyYpQ6Q5/drsJyOhrWHYMWTedvjTIat+FTwv0K4yoUxzvekw2aRHMQJLlnvt8UantkZg2++bEzD9EdxXqkWf4A==",
      "dev": true
    },
    "redux": {
      "version": "4.0.5",
      "resolved": "https://registry.npmjs.org/redux/-/redux-4.0.5.tgz",
      "integrity": "sha512-VSz1uMAH24DM6MF72vcojpYPtrTUu3ByVWfPL1nPfVRb5mZVTve5GnNCUV53QM/BZ66xfWrm0CTWoM+Xlz8V1w==",
      "dev": true,
      "requires": {
        "loose-envify": "^1.4.0",
        "symbol-observable": "^1.2.0"
      }
    },
    "redux-mock-store": {
      "version": "1.5.4",
      "resolved": "https://registry.npmjs.org/redux-mock-store/-/redux-mock-store-1.5.4.tgz",
      "integrity": "sha512-xmcA0O/tjCLXhh9Fuiq6pMrJCwFRaouA8436zcikdIpYWWCjU76CRk+i2bHx8EeiSiMGnB85/lZdU3wIJVXHTA==",
      "dev": true,
      "requires": {
        "lodash.isplainobject": "^4.0.6"
      }
    },
    "redux-thunk": {
      "version": "2.3.0",
      "resolved": "https://registry.npmjs.org/redux-thunk/-/redux-thunk-2.3.0.tgz",
      "integrity": "sha512-km6dclyFnmcvxhAcrQV2AkZmPQjzPDjgVlQtR0EQjxZPyJ0BnMf3in1ryuR8A2qU0HldVRfxYXbFSKlI3N7Slw==",
      "dev": true
    },
    "reselect": {
      "version": "4.0.0",
      "resolved": "https://registry.npmjs.org/reselect/-/reselect-4.0.0.tgz",
      "integrity": "sha512-qUgANli03jjAyGlnbYVAV5vvnOmJnODyABz51RdBN7M4WaVu8mecZWgyQNkG8Yqe3KRGRt0l4K4B3XVEULC4CA==",
      "dev": true
    },
    "sonic-boom": {
      "version": "1.4.1",
      "resolved": "https://registry.npmjs.org/sonic-boom/-/sonic-boom-1.4.1.tgz",
      "integrity": "sha512-LRHh/A8tpW7ru89lrlkU4AszXt1dbwSjVWguGrmlxE7tawVmDBlI1PILMkXAxJTwqhgsEeTHzj36D5CmHgQmNg==",
      "dev": true,
      "requires": {
        "atomic-sleep": "^1.0.0",
        "flatstr": "^1.0.12"
      }
    },
    "symbol-observable": {
      "version": "1.2.0",
      "resolved": "https://registry.npmjs.org/symbol-observable/-/symbol-observable-1.2.0.tgz",
      "integrity": "sha512-e900nM8RRtGhlV36KGEU9k65K3mPb1WV70OdjfxlG2EAuM1noi/E/BaW/uMhL7bPEssK8QV57vN3esixjUvcXQ==",
      "dev": true
    },
    "ts-debounce": {
      "version": "2.3.0",
      "resolved": "https://registry.npmjs.org/ts-debounce/-/ts-debounce-2.3.0.tgz",
      "integrity": "sha512-j63IP7/unAzovrhVHE7U+fNkvDKwIaLH11dCO9TcRbYOZw1chPL054poqq3ZloyRJ5KwJMeB8csN/vGPPpQJjw==",
      "dev": true
    },
    "vue": {
      "version": "2.6.12",
      "resolved": "https://registry.npmjs.org/vue/-/vue-2.6.12.tgz",
      "integrity": "sha512-uhmLFETqPPNyuLLbsKz6ioJ4q7AZHzD8ZVFNATNyICSZouqP2Sz0rotWQC8UNBF6VGSCs5abnKJoStA6JbCbfg==",
      "dev": true
    },
    "vue-property-decorator": {
      "version": "9.1.2",
      "resolved": "https://registry.npmjs.org/vue-property-decorator/-/vue-property-decorator-9.1.2.tgz",
      "integrity": "sha512-xYA8MkZynPBGd/w5QFJ2d/NM0z/YeegMqYTphy7NJQXbZcuU6FC6AOdUAcy4SXP+YnkerC6AfH+ldg7PDk9ESQ==",
      "dev": true
    },
    "vue-router": {
      "version": "3.5.1",
      "resolved": "https://registry.npmjs.org/vue-router/-/vue-router-3.5.1.tgz",
      "integrity": "sha512-RRQNLT8Mzr8z7eL4p7BtKvRaTSGdCbTy2+Mm5HTJvLGYSSeG9gDzNasJPP/yOYKLy+/cLG/ftrqq5fvkFwBJEw==",
      "dev": true
    }
  }
}
